
Microsoft Visual Studio Solution File, Format Version 12.00
# Visual Studio Version 17
VisualStudioVersion = 17.5.002.0
MinimumVisualStudioVersion = 10.0.40219.1
Project("{9A19103F-16F7-4668-BE54-9A1E7A4F7556}") = "CosmosDBProcessor.Console", "CosmosDBProcessor.Console\CosmosDBProcessor.Console.csproj", "{436CEAD7-674D-4694-8BAF-CF2EBE3A466C}"
EndProject
Project("{9A19103F-16F7-4668-BE54-9A1E7A4F7556}") = "CosmosDBProcessor.Library", "CosmosDBProcessor.Library\CosmosDBProcessor.Library.csproj", "{1B3CCB34-64E7-41D5-9094-18AAC25D08F1}"
EndProject
Global
	GlobalSection(SolutionConfigurationPlatforms) = preSolution
		Debug|Any CPU = Debug|Any CPU
		Release|Any CPU = Release|Any CPU
	EndGlobalSection
	GlobalSection(ProjectConfigurationPlatforms) = postSolution
		{436CEAD7-674D-4694-8BAF-CF2EBE3A466C}.Debug|Any CPU.ActiveCfg = Debug|Any CPU
		{436CEAD7-674D-4694-8BAF-CF2EBE3A466C}.Debug|Any CPU.Build.0 = Debug|Any CPU
		{436CEAD7-674D-4694-8BAF-CF2EBE3A466C}.Release|Any CPU.ActiveCfg = Release|Any CPU
		{436CEAD7-674D-4694-8BAF-CF2EBE3A466C}.Release|Any CPU.Build.0 = Release|Any CPU
		{1B3CCB34-64E7-41D5-9094-18AAC25D08F1}.Debug|Any CPU.ActiveCfg = Debug|Any CPU
		{1B3CCB34-64E7-41D5-9094-18AAC25D08F1}.Debug|Any CPU.Build.0 = Debug|Any CPU
		{1B3CCB34-64E7-41D5-9094-18AAC25D08F1}.Release|Any CPU.ActiveCfg = Release|Any CPU
		{1B3CCB34-64E7-41D5-9094-18AAC25D08F1}.Release|Any CPU.Build.0 = Release|Any CPU
	EndGlobalSection
	GlobalSection(SolutionProperties) = preSolution
		HideSolutionNode = FALSE
	EndGlobalSection
	GlobalSection(ExtensibilityGlobals) = postSolution
		SolutionGuid = {8651F7A9-3BA3-481B-AE40-2BE72ECCF787}
	EndGlobalSection
EndGlobal
