
Microsoft Visual Studio Solution File, Format Version 12.00
# Visual Studio Version 17
VisualStudioVersion = 17.5.002.0
MinimumVisualStudioVersion = 10.0.40219.1
Project("{9A19103F-16F7-4668-BE54-9A1E7A4F7556}") = "cosmos-db-processor.Library", "cosmos-db-processor.Library\cosmos-db-processor.Library.csproj", "{B20D2948-CCA4-4F41-8C99-D329607DCA30}"
EndProject
Project("{9A19103F-16F7-4668-BE54-9A1E7A4F7556}") = "cosmos-db-processor.Console", "cosmos-db-processor.Console\cosmos-db-processor.Console.csproj", "{BBDDA844-2918-443F-BF2C-753AE0DB2E81}"
EndProject
Global
	GlobalSection(SolutionConfigurationPlatforms) = preSolution
		Debug|Any CPU = Debug|Any CPU
		Release|Any CPU = Release|Any CPU
	EndGlobalSection
	GlobalSection(ProjectConfigurationPlatforms) = postSolution
		{B20D2948-CCA4-4F41-8C99-D329607DCA30}.Debug|Any CPU.ActiveCfg = Debug|Any CPU
		{B20D2948-CCA4-4F41-8C99-D329607DCA30}.Debug|Any CPU.Build.0 = Debug|Any CPU
		{B20D2948-CCA4-4F41-8C99-D329607DCA30}.Release|Any CPU.ActiveCfg = Release|Any CPU
		{B20D2948-CCA4-4F41-8C99-D329607DCA30}.Release|Any CPU.Build.0 = Release|Any CPU
		{BBDDA844-2918-443F-BF2C-753AE0DB2E81}.Debug|Any CPU.ActiveCfg = Debug|Any CPU
		{BBDDA844-2918-443F-BF2C-753AE0DB2E81}.Debug|Any CPU.Build.0 = Debug|Any CPU
		{BBDDA844-2918-443F-BF2C-753AE0DB2E81}.Release|Any CPU.ActiveCfg = Release|Any CPU
		{BBDDA844-2918-443F-BF2C-753AE0DB2E81}.Release|Any CPU.Build.0 = Release|Any CPU
	EndGlobalSection
	GlobalSection(SolutionProperties) = preSolution
		HideSolutionNode = FALSE
	EndGlobalSection
	GlobalSection(ExtensibilityGlobals) = postSolution
		SolutionGuid = {ABB5C9D8-C82E-4C0F-AC5D-F3C875BF3B60}
	EndGlobalSection
EndGlobal
